
Microsoft Visual Studio Solution File, Format Version 12.00
# Visual Studio Version 17
VisualStudioVersion = 17.0.31903.59
MinimumVisualStudioVersion = 10.0.40219.1
Project("{2150E333-8FDC-42A3-9474-1A3956D46DE8}") = "src", "src", "{827E0CD3-B72D-47B6-A68D-7590B98EB39B}"
EndProject
Project("{FAE04EC0-301F-11D3-BF4B-00C04F79EFBC}") = "MauiSherpa.Core", "src\MauiSherpa.Core\MauiSherpa.Core.csproj", "{D038DAD8-A606-47B6-9DFE-28BF3DDF8B65}"
EndProject
Project("{FAE04EC0-301F-11D3-BF4B-00C04F79EFBC}") = "MauiSherpa", "src\MauiSherpa\MauiSherpa.csproj", "{9AEC29DC-B446-43AE-AE15-61F7D2193561}"
EndProject
Project("{FAE04EC0-301F-11D3-BF4B-00C04F79EFBC}") = "MauiSherpa.Workloads", "src\MauiSherpa.Workloads\MauiSherpa.Workloads.csproj", "{A9EF299D-648D-4C57-AF8C-1ED9F1580A70}"
EndProject
Project("{2150E333-8FDC-42A3-9474-1A3956D46DE8}") = "tests", "tests", "{0AB3BF05-4346-4AA6-1389-037BE0695223}"
EndProject
Project("{FAE04EC0-301F-11D3-BF4B-00C04F79EFBC}") = "MauiSherpa.Core.Tests", "tests\MauiSherpa.Core.Tests\MauiSherpa.Core.Tests.csproj", "{FDC19314-807D-43C6-9B70-5A78D974EE45}"
EndProject
Project("{FAE04EC0-301F-11D3-BF4B-00C04F79EFBC}") = "MauiSherpa.Workloads.Tests", "tests\MauiSherpa.Workloads.Tests\MauiSherpa.Workloads.Tests.csproj", "{4D6C47C3-C76A-41A7-AFA2-14CC5B787903}"
EndProject
Project("{FAE04EC0-301F-11D3-BF4B-00C04F79EFBC}") = "MauiSherpa.MacOS", "src\MauiSherpa.MacOS\MauiSherpa.MacOS.csproj", "{7F4B08C8-EC1E-4C00-9F0E-6CFF4169F36B}"
EndProject
Project("{FAE04EC0-301F-11D3-BF4B-00C04F79EFBC}") = "MauiSherpa.LinuxGtk", "src\MauiSherpa.LinuxGtk\MauiSherpa.LinuxGtk.csproj", "{985FC27D-16D3-4858-9F6C-4F8E1B76893F}"
EndProject
Project("{FAE04EC0-301F-11D3-BF4B-00C04F79EFBC}") = "MauiSherpa.Cli", "src\MauiSherpa.Cli\MauiSherpa.Cli.csproj", "{5BD8CEB8-EC58-47DE-9C52-1E0BB078B268}"
EndProject
Global
	GlobalSection(SolutionConfigurationPlatforms) = preSolution
		Debug|Any CPU = Debug|Any CPU
		Debug|x64 = Debug|x64
		Debug|x86 = Debug|x86
		Release|Any CPU = Release|Any CPU
		Release|x64 = Release|x64
		Release|x86 = Release|x86
	EndGlobalSection
	GlobalSection(ProjectConfigurationPlatforms) = postSolution
		{D038DAD8-A606-47B6-9DFE-28BF3DDF8B65}.Debug|Any CPU.ActiveCfg = Debug|Any CPU
		{D038DAD8-A606-47B6-9DFE-28BF3DDF8B65}.Debug|Any CPU.Build.0 = Debug|Any CPU
		{D038DAD8-A606-47B6-9DFE-28BF3DDF8B65}.Debug|x64.ActiveCfg = Debug|Any CPU
		{D038DAD8-A606-47B6-9DFE-28BF3DDF8B65}.Debug|x64.Build.0 = Debug|Any CPU
		{D038DAD8-A606-47B6-9DFE-28BF3DDF8B65}.Debug|x86.ActiveCfg = Debug|Any CPU
		{D038DAD8-A606-47B6-9DFE-28BF3DDF8B65}.Debug|x86.Build.0 = Debug|Any CPU
		{D038DAD8-A606-47B6-9DFE-28BF3DDF8B65}.Release|Any CPU.ActiveCfg = Release|Any CPU
		{D038DAD8-A606-47B6-9DFE-28BF3DDF8B65}.Release|Any CPU.Build.0 = Release|Any CPU
		{D038DAD8-A606-47B6-9DFE-28BF3DDF8B65}.Release|x64.ActiveCfg = Release|Any CPU
		{D038DAD8-A606-47B6-9DFE-28BF3DDF8B65}.Release|x64.Build.0 = Release|Any CPU
		{D038DAD8-A606-47B6-9DFE-28BF3DDF8B65}.Release|x86.ActiveCfg = Release|Any CPU
		{D038DAD8-A606-47B6-9DFE-28BF3DDF8B65}.Release|x86.Build.0 = Release|Any CPU
		{9AEC29DC-B446-43AE-AE15-61F7D2193561}.Debug|Any CPU.ActiveCfg = Debug|Any CPU
		{9AEC29DC-B446-43AE-AE15-61F7D2193561}.Debug|Any CPU.Build.0 = Debug|Any CPU
		{9AEC29DC-B446-43AE-AE15-61F7D2193561}.Debug|x64.ActiveCfg = Debug|Any CPU
		{9AEC29DC-B446-43AE-AE15-61F7D2193561}.Debug|x64.Build.0 = Debug|Any CPU
		{9AEC29DC-B446-43AE-AE15-61F7D2193561}.Debug|x86.ActiveCfg = Debug|Any CPU
		{9AEC29DC-B446-43AE-AE15-61F7D2193561}.Debug|x86.Build.0 = Debug|Any CPU
		{9AEC29DC-B446-43AE-AE15-61F7D2193561}.Release|Any CPU.ActiveCfg = Release|Any CPU
		{9AEC29DC-B446-43AE-AE15-61F7D2193561}.Release|Any CPU.Build.0 = Release|Any CPU
		{9AEC29DC-B446-43AE-AE15-61F7D2193561}.Release|x64.ActiveCfg = Release|Any CPU
		{9AEC29DC-B446-43AE-AE15-61F7D2193561}.Release|x64.Build.0 = Release|Any CPU
		{9AEC29DC-B446-43AE-AE15-61F7D2193561}.Release|x86.ActiveCfg = Release|Any CPU
		{9AEC29DC-B446-43AE-AE15-61F7D2193561}.Release|x86.Build.0 = Release|Any CPU
		{A9EF299D-648D-4C57-AF8C-1ED9F1580A70}.Debug|Any CPU.ActiveCfg = Debug|Any CPU
		{A9EF299D-648D-4C57-AF8C-1ED9F1580A70}.Debug|Any CPU.Build.0 = Debug|Any CPU
		{A9EF299D-648D-4C57-AF8C-1ED9F1580A70}.Debug|x64.ActiveCfg = Debug|Any CPU
		{A9EF299D-648D-4C57-AF8C-1ED9F1580A70}.Debug|x64.Build.0 = Debug|Any CPU
		{A9EF299D-648D-4C57-AF8C-1ED9F1580A70}.Debug|x86.ActiveCfg = Debug|Any CPU
		{A9EF299D-648D-4C57-AF8C-1ED9F1580A70}.Debug|x86.Build.0 = Debug|Any CPU
		{A9EF299D-648D-4C57-AF8C-1ED9F1580A70}.Release|Any CPU.ActiveCfg = Release|Any CPU
		{A9EF299D-648D-4C57-AF8C-1ED9F1580A70}.Release|Any CPU.Build.0 = Release|Any CPU
		{A9EF299D-648D-4C57-AF8C-1ED9F1580A70}.Release|x64.ActiveCfg = Release|Any CPU
		{A9EF299D-648D-4C57-AF8C-1ED9F1580A70}.Release|x64.Build.0 = Release|Any CPU
		{A9EF299D-648D-4C57-AF8C-1ED9F1580A70}.Release|x86.ActiveCfg = Release|Any CPU
		{A9EF299D-648D-4C57-AF8C-1ED9F1580A70}.Release|x86.Build.0 = Release|Any CPU
		{FDC19314-807D-43C6-9B70-5A78D974EE45}.Debug|Any CPU.ActiveCfg = Debug|Any CPU
		{FDC19314-807D-43C6-9B70-5A78D974EE45}.Debug|Any CPU.Build.0 = Debug|Any CPU
		{FDC19314-807D-43C6-9B70-5A78D974EE45}.Debug|x64.ActiveCfg = Debug|Any CPU
		{FDC19314-807D-43C6-9B70-5A78D974EE45}.Debug|x64.Build.0 = Debug|Any CPU
		{FDC19314-807D-43C6-9B70-5A78D974EE45}.Debug|x86.ActiveCfg = Debug|Any CPU
		{FDC19314-807D-43C6-9B70-5A78D974EE45}.Debug|x86.Build.0 = Debug|Any CPU
		{FDC19314-807D-43C6-9B70-5A78D974EE45}.Release|Any CPU.ActiveCfg = Release|Any CPU
		{FDC19314-807D-43C6-9B70-5A78D974EE45}.Release|Any CPU.Build.0 = Release|Any CPU
		{FDC19314-807D-43C6-9B70-5A78D974EE45}.Release|x64.ActiveCfg = Release|Any CPU
		{FDC19314-807D-43C6-9B70-5A78D974EE45}.Release|x64.Build.0 = Release|Any CPU
		{FDC19314-807D-43C6-9B70-5A78D974EE45}.Release|x86.ActiveCfg = Release|Any CPU
		{FDC19314-807D-43C6-9B70-5A78D974EE45}.Release|x86.Build.0 = Release|Any CPU
		{4D6C47C3-C76A-41A7-AFA2-14CC5B787903}.Debug|Any CPU.ActiveCfg = Debug|Any CPU
		{4D6C47C3-C76A-41A7-AFA2-14CC5B787903}.Debug|Any CPU.Build.0 = Debug|Any CPU
		{4D6C47C3-C76A-41A7-AFA2-14CC5B787903}.Debug|x64.ActiveCfg = Debug|Any CPU
		{4D6C47C3-C76A-41A7-AFA2-14CC5B787903}.Debug|x64.Build.0 = Debug|Any CPU
		{4D6C47C3-C76A-41A7-AFA2-14CC5B787903}.Debug|x86.ActiveCfg = Debug|Any CPU
		{4D6C47C3-C76A-41A7-AFA2-14CC5B787903}.Debug|x86.Build.0 = Debug|Any CPU
		{4D6C47C3-C76A-41A7-AFA2-14CC5B787903}.Release|Any CPU.ActiveCfg = Release|Any CPU
		{4D6C47C3-C76A-41A7-AFA2-14CC5B787903}.Release|Any CPU.Build.0 = Release|Any CPU
		{4D6C47C3-C76A-41A7-AFA2-14CC5B787903}.Release|x64.ActiveCfg = Release|Any CPU
		{4D6C47C3-C76A-41A7-AFA2-14CC5B787903}.Release|x64.Build.0 = Release|Any CPU
		{4D6C47C3-C76A-41A7-AFA2-14CC5B787903}.Release|x86.ActiveCfg = Release|Any CPU
		{4D6C47C3-C76A-41A7-AFA2-14CC5B787903}.Release|x86.Build.0 = Release|Any CPU
		{7F4B08C8-EC1E-4C00-9F0E-6CFF4169F36B}.Debug|Any CPU.ActiveCfg = Debug|Any CPU
		{7F4B08C8-EC1E-4C00-9F0E-6CFF4169F36B}.Debug|Any CPU.Build.0 = Debug|Any CPU
		{7F4B08C8-EC1E-4C00-9F0E-6CFF4169F36B}.Debug|x64.ActiveCfg = Debug|Any CPU
		{7F4B08C8-EC1E-4C00-9F0E-6CFF4169F36B}.Debug|x64.Build.0 = Debug|Any CPU
		{7F4B08C8-EC1E-4C00-9F0E-6CFF4169F36B}.Debug|x86.ActiveCfg = Debug|Any CPU
		{7F4B08C8-EC1E-4C00-9F0E-6CFF4169F36B}.Debug|x86.Build.0 = Debug|Any CPU
		{7F4B08C8-EC1E-4C00-9F0E-6CFF4169F36B}.Release|Any CPU.ActiveCfg = Release|Any CPU
		{7F4B08C8-EC1E-4C00-9F0E-6CFF4169F36B}.Release|Any CPU.Build.0 = Release|Any CPU
		{7F4B08C8-EC1E-4C00-9F0E-6CFF4169F36B}.Release|x64.ActiveCfg = Release|Any CPU
		{7F4B08C8-EC1E-4C00-9F0E-6CFF4169F36B}.Release|x64.Build.0 = Release|Any CPU
		{7F4B08C8-EC1E-4C00-9F0E-6CFF4169F36B}.Release|x86.ActiveCfg = Release|Any CPU
		{7F4B08C8-EC1E-4C00-9F0E-6CFF4169F36B}.Release|x86.Build.0 = Release|Any CPU
		{985FC27D-16D3-4858-9F6C-4F8E1B76893F}.Debug|Any CPU.ActiveCfg = Debug|Any CPU
		{985FC27D-16D3-4858-9F6C-4F8E1B76893F}.Debug|Any CPU.Build.0 = Debug|Any CPU
		{985FC27D-16D3-4858-9F6C-4F8E1B76893F}.Debug|x64.ActiveCfg = Debug|Any CPU
		{985FC27D-16D3-4858-9F6C-4F8E1B76893F}.Debug|x64.Build.0 = Debug|Any CPU
		{985FC27D-16D3-4858-9F6C-4F8E1B76893F}.Debug|x86.ActiveCfg = Debug|Any CPU
		{985FC27D-16D3-4858-9F6C-4F8E1B76893F}.Debug|x86.Build.0 = Debug|Any CPU
		{985FC27D-16D3-4858-9F6C-4F8E1B76893F}.Release|Any CPU.ActiveCfg = Release|Any CPU
		{985FC27D-16D3-4858-9F6C-4F8E1B76893F}.Release|Any CPU.Build.0 = Release|Any CPU
		{985FC27D-16D3-4858-9F6C-4F8E1B76893F}.Release|x64.ActiveCfg = Release|Any CPU
		{985FC27D-16D3-4858-9F6C-4F8E1B76893F}.Release|x64.Build.0 = Release|Any CPU
		{985FC27D-16D3-4858-9F6C-4F8E1B76893F}.Release|x86.ActiveCfg = Release|Any CPU
		{985FC27D-16D3-4858-9F6C-4F8E1B76893F}.Release|x86.Build.0 = Release|Any CPU
		{5BD8CEB8-EC58-47DE-9C52-1E0BB078B268}.Debug|Any CPU.ActiveCfg = Debug|Any CPU
		{5BD8CEB8-EC58-47DE-9C52-1E0BB078B268}.Debug|Any CPU.Build.0 = Debug|Any CPU
		{5BD8CEB8-EC58-47DE-9C52-1E0BB078B268}.Debug|x64.ActiveCfg = Debug|Any CPU
		{5BD8CEB8-EC58-47DE-9C52-1E0BB078B268}.Debug|x64.Build.0 = Debug|Any CPU
		{5BD8CEB8-EC58-47DE-9C52-1E0BB078B268}.Debug|x86.ActiveCfg = Debug|Any CPU
		{5BD8CEB8-EC58-47DE-9C52-1E0BB078B268}.Debug|x86.Build.0 = Debug|Any CPU
		{5BD8CEB8-EC58-47DE-9C52-1E0BB078B268}.Release|Any CPU.ActiveCfg = Release|Any CPU
		{5BD8CEB8-EC58-47DE-9C52-1E0BB078B268}.Release|Any CPU.Build.0 = Release|Any CPU
		{5BD8CEB8-EC58-47DE-9C52-1E0BB078B268}.Release|x64.ActiveCfg = Release|Any CPU
		{5BD8CEB8-EC58-47DE-9C52-1E0BB078B268}.Release|x64.Build.0 = Release|Any CPU
		{5BD8CEB8-EC58-47DE-9C52-1E0BB078B268}.Release|x86.ActiveCfg = Release|Any CPU
		{5BD8CEB8-EC58-47DE-9C52-1E0BB078B268}.Release|x86.Build.0 = Release|Any CPU
	EndGlobalSection
	GlobalSection(SolutionProperties) = preSolution
		HideSolutionNode = FALSE
	EndGlobalSection
	GlobalSection(NestedProjects) = preSolution
		{D038DAD8-A606-47B6-9DFE-28BF3DDF8B65} = {827E0CD3-B72D-47B6-A68D-7590B98EB39B}
		{9AEC29DC-B446-43AE-AE15-61F7D2193561} = {827E0CD3-B72D-47B6-A68D-7590B98EB39B}
		{A9EF299D-648D-4C57-AF8C-1ED9F1580A70} = {827E0CD3-B72D-47B6-A68D-7590B98EB39B}
		{FDC19314-807D-43C6-9B70-5A78D974EE45} = {0AB3BF05-4346-4AA6-1389-037BE0695223}
		{4D6C47C3-C76A-41A7-AFA2-14CC5B787903} = {0AB3BF05-4346-4AA6-1389-037BE0695223}
		{7F4B08C8-EC1E-4C00-9F0E-6CFF4169F36B} = {827E0CD3-B72D-47B6-A68D-7590B98EB39B}
		{985FC27D-16D3-4858-9F6C-4F8E1B76893F} = {827E0CD3-B72D-47B6-A68D-7590B98EB39B}
		{5BD8CEB8-EC58-47DE-9C52-1E0BB078B268} = {827E0CD3-B72D-47B6-A68D-7590B98EB39B}
	EndGlobalSection
EndGlobal
